
Microsoft Visual Studio Solution File, Format Version 12.00
# Visual Studio Version 17
VisualStudioVersion = 17.9.34728.123
MinimumVisualStudioVersion = 10.0.40219.1
Project("{FAE04EC0-301F-11D3-BF4B-00C04F79EFBC}") = "Deniz.ExceptionParser", "Deniz.ExceptionParser\Deniz.ExceptionParser.csproj", "{A29CF260-B9BB-4A0F-8E90-131677D6614E}"
EndProject
Project("{2150E333-8FDC-42A3-9474-1A3956D46DE8}") = "Solution Items", "Solution Items", "{7DB5B7D1-AF55-47A3-80D0-2A9ECC8E9D9F}"
	ProjectSection(SolutionItems) = preProject
		README.md = README.md
	EndProjectSection
EndProject
Global
	GlobalSection(SolutionConfigurationPlatforms) = preSolution
		Debug|Any CPU = Debug|Any CPU
		Release|Any CPU = Release|Any CPU
	EndGlobalSection
	GlobalSection(ProjectConfigurationPlatforms) = postSolution
		{A29CF260-B9BB-4A0F-8E90-131677D6614E}.Debug|Any CPU.ActiveCfg = Debug|Any CPU
		{A29CF260-B9BB-4A0F-8E90-131677D6614E}.Debug|Any CPU.Build.0 = Debug|Any CPU
		{A29CF260-B9BB-4A0F-8E90-131677D6614E}.Release|Any CPU.ActiveCfg = Release|Any CPU
		{A29CF260-B9BB-4A0F-8E90-131677D6614E}.Release|Any CPU.Build.0 = Release|Any CPU
	EndGlobalSection
	GlobalSection(SolutionProperties) = preSolution
		HideSolutionNode = FALSE
	EndGlobalSection
	GlobalSection(ExtensibilityGlobals) = postSolution
		SolutionGuid = {772CA75F-D630-457F-82A6-44AAD482EB76}
	EndGlobalSection
EndGlobal
